{
  "version": "5",
  "specifiers": {
    "jsr:@musodojo/enharmonic-note-selector@^3.1.0": "3.1.0",
    "jsr:@musodojo/music-theory-data@2": "2.0.0",
    "jsr:@musodojo/music-theory-data@^1.1.0": "1.1.0",
    "jsr:@musodojo/note-colors-data@1": "1.0.0",
    "jsr:@musodojo/note-sequence-selector@^3.1.0": "3.1.0",
    "jsr:@musodojo/web-note-player@4": "4.0.0"
  },
  "jsr": {
    "@musodojo/enharmonic-note-selector@3.1.0": {
      "integrity": "fd6f72cdbd0e816f9cfc72f6c59d042098c758f16cbe1ea8dfe6f19953a825d2",
      "dependencies": [
        "jsr:@musodojo/music-theory-data@2",
        "jsr:@musodojo/note-colors-data"
      ]
    },
    "@musodojo/music-theory-data@1.1.0": {
      "integrity": "6174ec2e6c87a77a7980d2943d6b6399a9632a58aa7759ef084af740c584ff90"
    },
    "@musodojo/music-theory-data@2.0.0": {
      "integrity": "3b1e02a2224d95e57234b53841aa644869d11e0942086d1d54afa9453ed0793b"
    },
    "@musodojo/note-colors-data@1.0.0": {
      "integrity": "c560564e937725d3cf09855a7a2d167c974e93ab85d50c1c8aee537986525ca5"
    },
    "@musodojo/note-sequence-selector@3.1.0": {
      "integrity": "5f2bd8a216eaab45b8b4f79468ff1fa517580d4879f2e651118e7d23aae39b13",
      "dependencies": [
        "jsr:@musodojo/music-theory-data@2"
      ]
    },
    "@musodojo/web-note-player@4.0.0": {
      "integrity": "94562b0df1ac7b5269aba15e1659a1c81fc4822c162d3ec49f6d5709d77b20fc"
    }
  },
  "workspace": {
    "dependencies": [
      "jsr:@musodojo/enharmonic-note-selector@^3.1.0",
      "jsr:@musodojo/note-sequence-selector@^3.1.0",
      "jsr:@musodojo/web-note-player@4"
    ]
  }
}
